github.com/dylhunn/dragontoothmg v0.0.0-20220917014754-e79413b50d93 h1:+seiDwiD3oVmo7Lem5B5sI4feILZDJLgOK6gZYd6g0Y=
github.com/dylhunn/dragontoothmg v0.0.0-20220917014754-e79413b50d93/go.mod h1:L6ZI7rasNVYqjj/tpfqYRowKPuSQO71UCBBhPxamiDQ=
golang.org/x/exp v0.0.0-20250128182459-e0ece0dbea4c h1:KL/ZBHXgKGVmuZBZ01Lt57yE5ws8ZPSkkihmEyq7FXc=
golang.org/x/exp v0.0.0-20250128182459-e0ece0dbea4c/go.mod h1:tujkw807nyEEAamNbDrEGzRav+ilXA7PCRAd6xsmwiU=
gopkg.in/check.v1 v0.0.0-20161208181325-20d25e280405/go.mod h1:Co6ibVJAznAaIkqp8huTwlJQCZ016jof/cbN4VW5Yz0=
gopkg.in/yaml.v3 v3.0.1 h1:fxVm/GzAzEWqLHuvctI91KS9hhNmmWOoWu0XTYJS7CA=
gopkg.in/yaml.v3 v3.0.1/go.mod h1:K4uyk7z7BCEPqu6E+C64Yfv1cQ7kz7rIZviUmN+EgEM=
